github.com/graniticio/granitic-yaml/v2 v2.2.2 h1:wIOw66aTtydLD4+XOFUigx6jbnYjMZV1aodgMMudmdQ=
github.com/graniticio/granitic-yaml/v2 v2.2.2/go.mod h1:GV4VFS4813zPPY9QlhpRIcRcoOsI30/0n8QY+2aCfwE=
github.com/graniticio/granitic/v2 v2.2.2 h1:YKh75mEoOf78kS5wnn7bwnELx+KHk1D6p+sT7QKxHfg=
github.com/graniticio/granitic/v2 v2.2.2/go.mod h1:NdAi9djlStHprFgX8pLa8Aw3lh6czj3UvlCKhQvkQgU=
gopkg.in/check.v1 v0.0.0-20161208181325-20d25e280405 h1:yhCVgyC4o1eVCa2tZl7eS0r+SDo693bJlVdllGtEeKM=
gopkg.in/check.v1 v0.0.0-20161208181325-20d25e280405/go.mod h1:Co6ibVJAznAaIkqp8huTwlJQCZ016jof/cbN4VW5Yz0=
gopkg.in/yaml.v2 v2.2.8 h1:obN1ZagJSUGI0Ek/LBmuj4SNLPfIny3KsKFopxRdj10=
gopkg.in/yaml.v2 v2.2.8/go.mod h1:hI93XBmqTisBFMUTm0b8Fm+jr3Dg1NNxqwp+5A1VGuI=
